
Microsoft Visual Studio Solution File, Format Version 12.00
# Visual Studio Version 16
VisualStudioVersion = 16.0.28917.182
MinimumVisualStudioVersion = 10.0.40219.1
Project("{9A19103F-16F7-4668-BE54-9A1E7A4F7556}") = "Imgeneus.Network", "src\Imgeneus.Network\Imgeneus.Network.csproj", "{ACB66768-583C-4EED-ADF8-3C8213782633}"
EndProject
Project("{2150E333-8FDC-42A3-9474-1A3956D46DE8}") = "Servers", "Servers", "{C78BD729-47A2-4F2C-B0E2-9B4AE19D815E}"
EndProject
Project("{9A19103F-16F7-4668-BE54-9A1E7A4F7556}") = "Imgeneus.Login", "src\Imgeneus.Login\Imgeneus.Login.csproj", "{5BC94713-FCD3-44F6-9247-8D2546E93BA2}"
EndProject
Project("{9A19103F-16F7-4668-BE54-9A1E7A4F7556}") = "Imgeneus.Core", "src\Imgeneus.Core\Imgeneus.Core.csproj", "{67B07FCE-F1E6-4601-A95F-6954FAFA1F46}"
EndProject
Project("{9A19103F-16F7-4668-BE54-9A1E7A4F7556}") = "Imgeneus.Database", "src\Imgeneus.Database\Imgeneus.Database.csproj", "{56531C6B-67E1-4D7E-AA9F-BCDD16EFF7EC}"
EndProject
Project("{9A19103F-16F7-4668-BE54-9A1E7A4F7556}") = "Imgeneus.World", "src\Imgeneus.World\Imgeneus.World.csproj", "{298B6E85-1E9B-4359-97DA-D9B0EB087306}"
EndProject
Project("{2150E333-8FDC-42A3-9474-1A3956D46DE8}") = "UnitTests", "UnitTests", "{D2B05B8D-E630-4702-A4E9-5A028DAF9EEE}"
EndProject
Project("{9A19103F-16F7-4668-BE54-9A1E7A4F7556}") = "Imgeneus.World.Tests", "src\UnitTests\Imgeneus.World.Tests\Imgeneus.World.Tests.csproj", "{D3CDC69A-46E8-459C-BFDA-99C2FA8C5BF1}"
EndProject
Project("{9A19103F-16F7-4668-BE54-9A1E7A4F7556}") = "Imgeneus.DatabaseBackgroundService", "src\Imgeneus.DatabaseBackgroundService\Imgeneus.DatabaseBackgroundService.csproj", "{032CBF1D-1FB6-4E5C-B8A8-C6EE7D5D302E}"
EndProject
Project("{9A19103F-16F7-4668-BE54-9A1E7A4F7556}") = "Imgeneus.Logs", "src\Imgeneus.Logs\Imgeneus.Logs.csproj", "{8E34CA3C-A971-47DD-AE63-619EC76EAF15}"
EndProject
Project("{9A19103F-16F7-4668-BE54-9A1E7A4F7556}") = "Imgeneus.InterServer", "src\Imgeneus.InterServer\Imgeneus.InterServer.csproj", "{229BCD19-C9D4-489E-BBED-E5C2F0F31CC9}"
EndProject
Global
	GlobalSection(SolutionConfigurationPlatforms) = preSolution
		Debug|Any CPU = Debug|Any CPU
		EP8_V1|Any CPU = EP8_V1|Any CPU
		EP8_V2|Any CPU = EP8_V2|Any CPU
		SHAIYA_US|Any CPU = SHAIYA_US|Any CPU
		Release|Any CPU = Release|Any CPU
	EndGlobalSection
	GlobalSection(ProjectConfigurationPlatforms) = postSolution
		{ACB66768-583C-4EED-ADF8-3C8213782633}.Debug|Any CPU.ActiveCfg = Debug|Any CPU
		{ACB66768-583C-4EED-ADF8-3C8213782633}.Debug|Any CPU.Build.0 = Debug|Any CPU
		{ACB66768-583C-4EED-ADF8-3C8213782633}.EP8_V1|Any CPU.ActiveCfg = EP8_V1|Any CPU
		{ACB66768-583C-4EED-ADF8-3C8213782633}.EP8_V1|Any CPU.Build.0 = EP8_V1|Any CPU
		{ACB66768-583C-4EED-ADF8-3C8213782633}.EP8_V2|Any CPU.ActiveCfg = EP8_V2|Any CPU
		{ACB66768-583C-4EED-ADF8-3C8213782633}.EP8_V2|Any CPU.Build.0 = EP8_V2|Any CPU
		{ACB66768-583C-4EED-ADF8-3C8213782633}.Release|Any CPU.ActiveCfg = Release|Any CPU
		{ACB66768-583C-4EED-ADF8-3C8213782633}.Release|Any CPU.Build.0 = Release|Any CPU
		{ACB66768-583C-4EED-ADF8-3C8213782633}.SHAIYA_US|Any CPU.ActiveCfg = SHAIYA_US|Any CPU
		{ACB66768-583C-4EED-ADF8-3C8213782633}.SHAIYA_US|Any CPU.Build.0 = SHAIYA_US|Any CPU
		{5BC94713-FCD3-44F6-9247-8D2546E93BA2}.Debug|Any CPU.ActiveCfg = Debug|Any CPU
		{5BC94713-FCD3-44F6-9247-8D2546E93BA2}.Debug|Any CPU.Build.0 = Debug|Any CPU
		{5BC94713-FCD3-44F6-9247-8D2546E93BA2}.EP8_V1|Any CPU.ActiveCfg = EP8_V1|Any CPU
		{5BC94713-FCD3-44F6-9247-8D2546E93BA2}.EP8_V1|Any CPU.Build.0 = EP8_V1|Any CPU
		{5BC94713-FCD3-44F6-9247-8D2546E93BA2}.EP8_V2|Any CPU.ActiveCfg = EP8_V2|Any CPU
		{5BC94713-FCD3-44F6-9247-8D2546E93BA2}.EP8_V2|Any CPU.Build.0 = EP8_V2|Any CPU
		{5BC94713-FCD3-44F6-9247-8D2546E93BA2}.Release|Any CPU.ActiveCfg = Release|Any CPU
		{5BC94713-FCD3-44F6-9247-8D2546E93BA2}.Release|Any CPU.Build.0 = Release|Any CPU
		{5BC94713-FCD3-44F6-9247-8D2546E93BA2}.SHAIYA_US|Any CPU.ActiveCfg = SHAIYA_US|Any CPU
		{5BC94713-FCD3-44F6-9247-8D2546E93BA2}.SHAIYA_US|Any CPU.Build.0 = SHAIYA_US|Any CPU
		{67B07FCE-F1E6-4601-A95F-6954FAFA1F46}.Debug|Any CPU.ActiveCfg = Debug|Any CPU
		{67B07FCE-F1E6-4601-A95F-6954FAFA1F46}.Debug|Any CPU.Build.0 = Debug|Any CPU
		{67B07FCE-F1E6-4601-A95F-6954FAFA1F46}.EP8_V1|Any CPU.ActiveCfg = Release|Any CPU
		{67B07FCE-F1E6-4601-A95F-6954FAFA1F46}.EP8_V2|Any CPU.ActiveCfg = Release|Any CPU
		{67B07FCE-F1E6-4601-A95F-6954FAFA1F46}.EP8_V2|Any CPU.Build.0 = Release|Any CPU
		{67B07FCE-F1E6-4601-A95F-6954FAFA1F46}.Release|Any CPU.ActiveCfg = Release|Any CPU
		{67B07FCE-F1E6-4601-A95F-6954FAFA1F46}.Release|Any CPU.Build.0 = Release|Any CPU
		{67B07FCE-F1E6-4601-A95F-6954FAFA1F46}.SHAIYA_US|Any CPU.ActiveCfg = Debug|Any CPU
		{67B07FCE-F1E6-4601-A95F-6954FAFA1F46}.SHAIYA_US|Any CPU.Build.0 = Debug|Any CPU
		{56531C6B-67E1-4D7E-AA9F-BCDD16EFF7EC}.Debug|Any CPU.ActiveCfg = Debug|Any CPU
		{56531C6B-67E1-4D7E-AA9F-BCDD16EFF7EC}.Debug|Any CPU.Build.0 = Debug|Any CPU
		{56531C6B-67E1-4D7E-AA9F-BCDD16EFF7EC}.EP8_V1|Any CPU.ActiveCfg = Release|Any CPU
		{56531C6B-67E1-4D7E-AA9F-BCDD16EFF7EC}.EP8_V2|Any CPU.ActiveCfg = Release|Any CPU
		{56531C6B-67E1-4D7E-AA9F-BCDD16EFF7EC}.EP8_V2|Any CPU.Build.0 = Release|Any CPU
		{56531C6B-67E1-4D7E-AA9F-BCDD16EFF7EC}.Release|Any CPU.ActiveCfg = Release|Any CPU
		{56531C6B-67E1-4D7E-AA9F-BCDD16EFF7EC}.Release|Any CPU.Build.0 = Release|Any CPU
		{56531C6B-67E1-4D7E-AA9F-BCDD16EFF7EC}.SHAIYA_US|Any CPU.ActiveCfg = Debug|Any CPU
		{56531C6B-67E1-4D7E-AA9F-BCDD16EFF7EC}.SHAIYA_US|Any CPU.Build.0 = Debug|Any CPU
		{298B6E85-1E9B-4359-97DA-D9B0EB087306}.Debug|Any CPU.ActiveCfg = Debug|Any CPU
		{298B6E85-1E9B-4359-97DA-D9B0EB087306}.Debug|Any CPU.Build.0 = Debug|Any CPU
		{298B6E85-1E9B-4359-97DA-D9B0EB087306}.EP8_V1|Any CPU.ActiveCfg = EP8_V1|Any CPU
		{298B6E85-1E9B-4359-97DA-D9B0EB087306}.EP8_V1|Any CPU.Build.0 = EP8_V1|Any CPU
		{298B6E85-1E9B-4359-97DA-D9B0EB087306}.EP8_V2|Any CPU.ActiveCfg = EP8_V2|Any CPU
		{298B6E85-1E9B-4359-97DA-D9B0EB087306}.EP8_V2|Any CPU.Build.0 = EP8_V2|Any CPU
		{298B6E85-1E9B-4359-97DA-D9B0EB087306}.Release|Any CPU.ActiveCfg = Release|Any CPU
		{298B6E85-1E9B-4359-97DA-D9B0EB087306}.Release|Any CPU.Build.0 = Release|Any CPU
		{298B6E85-1E9B-4359-97DA-D9B0EB087306}.SHAIYA_US|Any CPU.ActiveCfg = SHAIYA_US|Any CPU
		{298B6E85-1E9B-4359-97DA-D9B0EB087306}.SHAIYA_US|Any CPU.Build.0 = SHAIYA_US|Any CPU
		{D3CDC69A-46E8-459C-BFDA-99C2FA8C5BF1}.Debug|Any CPU.ActiveCfg = Debug|Any CPU
		{D3CDC69A-46E8-459C-BFDA-99C2FA8C5BF1}.Debug|Any CPU.Build.0 = Debug|Any CPU
		{D3CDC69A-46E8-459C-BFDA-99C2FA8C5BF1}.EP8_V1|Any CPU.ActiveCfg = Release|Any CPU
		{D3CDC69A-46E8-459C-BFDA-99C2FA8C5BF1}.EP8_V2|Any CPU.ActiveCfg = Release|Any CPU
		{D3CDC69A-46E8-459C-BFDA-99C2FA8C5BF1}.EP8_V2|Any CPU.Build.0 = Release|Any CPU
		{D3CDC69A-46E8-459C-BFDA-99C2FA8C5BF1}.Release|Any CPU.ActiveCfg = Release|Any CPU
		{D3CDC69A-46E8-459C-BFDA-99C2FA8C5BF1}.Release|Any CPU.Build.0 = Release|Any CPU
		{D3CDC69A-46E8-459C-BFDA-99C2FA8C5BF1}.SHAIYA_US|Any CPU.ActiveCfg = Debug|Any CPU
		{D3CDC69A-46E8-459C-BFDA-99C2FA8C5BF1}.SHAIYA_US|Any CPU.Build.0 = Debug|Any CPU
		{032CBF1D-1FB6-4E5C-B8A8-C6EE7D5D302E}.Debug|Any CPU.ActiveCfg = Debug|Any CPU
		{032CBF1D-1FB6-4E5C-B8A8-C6EE7D5D302E}.Debug|Any CPU.Build.0 = Debug|Any CPU
		{032CBF1D-1FB6-4E5C-B8A8-C6EE7D5D302E}.EP8_V1|Any CPU.ActiveCfg = Release|Any CPU
		{032CBF1D-1FB6-4E5C-B8A8-C6EE7D5D302E}.EP8_V2|Any CPU.ActiveCfg = Release|Any CPU
		{032CBF1D-1FB6-4E5C-B8A8-C6EE7D5D302E}.EP8_V2|Any CPU.Build.0 = Release|Any CPU
		{032CBF1D-1FB6-4E5C-B8A8-C6EE7D5D302E}.Release|Any CPU.ActiveCfg = Release|Any CPU
		{032CBF1D-1FB6-4E5C-B8A8-C6EE7D5D302E}.Release|Any CPU.Build.0 = Release|Any CPU
		{032CBF1D-1FB6-4E5C-B8A8-C6EE7D5D302E}.SHAIYA_US|Any CPU.ActiveCfg = Debug|Any CPU
		{032CBF1D-1FB6-4E5C-B8A8-C6EE7D5D302E}.SHAIYA_US|Any CPU.Build.0 = Debug|Any CPU
		{8E34CA3C-A971-47DD-AE63-619EC76EAF15}.Debug|Any CPU.ActiveCfg = Debug|Any CPU
		{8E34CA3C-A971-47DD-AE63-619EC76EAF15}.Debug|Any CPU.Build.0 = Debug|Any CPU
		{8E34CA3C-A971-47DD-AE63-619EC76EAF15}.EP8_V1|Any CPU.ActiveCfg = Release|Any CPU
		{8E34CA3C-A971-47DD-AE63-619EC76EAF15}.EP8_V2|Any CPU.ActiveCfg = Release|Any CPU
		{8E34CA3C-A971-47DD-AE63-619EC76EAF15}.EP8_V2|Any CPU.Build.0 = Release|Any CPU
		{8E34CA3C-A971-47DD-AE63-619EC76EAF15}.Release|Any CPU.ActiveCfg = Release|Any CPU
		{8E34CA3C-A971-47DD-AE63-619EC76EAF15}.Release|Any CPU.Build.0 = Release|Any CPU
		{8E34CA3C-A971-47DD-AE63-619EC76EAF15}.SHAIYA_US|Any CPU.ActiveCfg = Debug|Any CPU
		{8E34CA3C-A971-47DD-AE63-619EC76EAF15}.SHAIYA_US|Any CPU.Build.0 = Debug|Any CPU
		{229BCD19-C9D4-489E-BBED-E5C2F0F31CC9}.Debug|Any CPU.ActiveCfg = Debug|Any CPU
		{229BCD19-C9D4-489E-BBED-E5C2F0F31CC9}.Debug|Any CPU.Build.0 = Debug|Any CPU
		{229BCD19-C9D4-489E-BBED-E5C2F0F31CC9}.EP8_V1|Any CPU.ActiveCfg = Release|Any CPU
		{229BCD19-C9D4-489E-BBED-E5C2F0F31CC9}.EP8_V2|Any CPU.ActiveCfg = Release|Any CPU
		{229BCD19-C9D4-489E-BBED-E5C2F0F31CC9}.EP8_V2|Any CPU.Build.0 = Release|Any CPU
		{229BCD19-C9D4-489E-BBED-E5C2F0F31CC9}.Release|Any CPU.ActiveCfg = Release|Any CPU
		{229BCD19-C9D4-489E-BBED-E5C2F0F31CC9}.Release|Any CPU.Build.0 = Release|Any CPU
		{229BCD19-C9D4-489E-BBED-E5C2F0F31CC9}.SHAIYA_US|Any CPU.ActiveCfg = Debug|Any CPU
		{229BCD19-C9D4-489E-BBED-E5C2F0F31CC9}.SHAIYA_US|Any CPU.Build.0 = Debug|Any CPU
	EndGlobalSection
	GlobalSection(SolutionProperties) = preSolution
		HideSolutionNode = FALSE
	EndGlobalSection
	GlobalSection(NestedProjects) = preSolution
		{5BC94713-FCD3-44F6-9247-8D2546E93BA2} = {C78BD729-47A2-4F2C-B0E2-9B4AE19D815E}
		{298B6E85-1E9B-4359-97DA-D9B0EB087306} = {C78BD729-47A2-4F2C-B0E2-9B4AE19D815E}
		{D3CDC69A-46E8-459C-BFDA-99C2FA8C5BF1} = {D2B05B8D-E630-4702-A4E9-5A028DAF9EEE}
	EndGlobalSection
	GlobalSection(ExtensibilityGlobals) = postSolution
		SolutionGuid = {3A8AB363-41C3-47B4-A23E-E2D938C14AEC}
	EndGlobalSection
EndGlobal
